
Microsoft Visual Studio Solution File, Format Version 12.00
# Visual Studio Version 16
VisualStudioVersion = 16.0.31729.503
MinimumVisualStudioVersion = 10.0.40219.1
Project("{FAE04EC0-301F-11D3-BF4B-00C04F79EFBC}") = "Functions", "Functions\Functions.csproj", "{42A54C4B-40C6-40E7-AF51-CCC6A363A078}"
EndProject
Project("{FAE04EC0-301F-11D3-BF4B-00C04F79EFBC}") = "UserNameData", "UserNameData\UserNameData.csproj", "{A90DFC5F-6B67-429C-9395-86BF921451CC}"
EndProject
Project("{FAE04EC0-301F-11D3-BF4B-00C04F79EFBC}") = "UserNameDataTask", "UserNameDataTask\UserNameDataTask.csproj", "{3C599A40-545A-4F52-A1B7-D2A8626DEB9C}"
EndProject
Global
	GlobalSection(SolutionConfigurationPlatforms) = preSolution
		Debug|Any CPU = Debug|Any CPU
		Release|Any CPU = Release|Any CPU
	EndGlobalSection
	GlobalSection(ProjectConfigurationPlatforms) = postSolution
		{42A54C4B-40C6-40E7-AF51-CCC6A363A078}.Debug|Any CPU.ActiveCfg = Debug|Any CPU
		{42A54C4B-40C6-40E7-AF51-CCC6A363A078}.Debug|Any CPU.Build.0 = Debug|Any CPU
		{42A54C4B-40C6-40E7-AF51-CCC6A363A078}.Release|Any CPU.ActiveCfg = Release|Any CPU
		{42A54C4B-40C6-40E7-AF51-CCC6A363A078}.Release|Any CPU.Build.0 = Release|Any CPU
		{A90DFC5F-6B67-429C-9395-86BF921451CC}.Debug|Any CPU.ActiveCfg = Debug|Any CPU
		{A90DFC5F-6B67-429C-9395-86BF921451CC}.Debug|Any CPU.Build.0 = Debug|Any CPU
		{A90DFC5F-6B67-429C-9395-86BF921451CC}.Release|Any CPU.ActiveCfg = Release|Any CPU
		{A90DFC5F-6B67-429C-9395-86BF921451CC}.Release|Any CPU.Build.0 = Release|Any CPU
		{3C599A40-545A-4F52-A1B7-D2A8626DEB9C}.Debug|Any CPU.ActiveCfg = Debug|Any CPU
		{3C599A40-545A-4F52-A1B7-D2A8626DEB9C}.Debug|Any CPU.Build.0 = Debug|Any CPU
		{3C599A40-545A-4F52-A1B7-D2A8626DEB9C}.Release|Any CPU.ActiveCfg = Release|Any CPU
		{3C599A40-545A-4F52-A1B7-D2A8626DEB9C}.Release|Any CPU.Build.0 = Release|Any CPU
	EndGlobalSection
	GlobalSection(SolutionProperties) = preSolution
		HideSolutionNode = FALSE
	EndGlobalSection
	GlobalSection(ExtensibilityGlobals) = postSolution
		SolutionGuid = {39BDBE3A-D806-4BB8-B3BF-37B02A63DB39}
	EndGlobalSection
EndGlobal
